// !$*UTF8*$!
{
	archiveVersion = 1;
	classes = {
	};
	objectVersion = 56;
	objects = {

/* Begin PBXBuildFile section */
		3C6DABD02B0AE0E900813A07 /* AppDelegate.swift in Sources */ = {isa = PBXBuildFile; fileRef = 3C6DABCF2B0AE0E900813A07 /* AppDelegate.swift */; };
		3C6DABD22B0AE0E900813A07 /* SceneDelegate.swift in Sources */ = {isa = PBXBuildFile; fileRef = 3C6DABD12B0AE0E900813A07 /* SceneDelegate.swift */; };
		3C6DABD42B0AE0E900813A07 /* ViewController.swift in Sources */ = {isa = PBXBuildFile; fileRef = 3C6DABD32B0AE0E900813A07 /* ViewController.swift */; };
		3C6DABD92B0AE0EA00813A07 /* Assets.xcassets in Resources */ = {isa = PBXBuildFile; fileRef = 3C6DABD82B0AE0EA00813A07 /* Assets.xcassets */; };
		3C6DABDC2B0AE0EA00813A07 /* LaunchScreen.storyboard in Resources */ = {isa = PBXBuildFile; fileRef = 3C6DABDA2B0AE0EA00813A07 /* LaunchScreen.storyboard */; };
		3C6DABE72B0AE0EA00813A07 /* CatFactsAssignmentTests.swift in Sources */ = {isa = PBXBuildFile; fileRef = 3C6DABE62B0AE0EA00813A07 /* CatFactsAssignmentTests.swift */; };
		3C6DABF12B0AE0EA00813A07 /* CatFactsAssignmentUITests.swift in Sources */ = {isa = PBXBuildFile; fileRef = 3C6DABF02B0AE0EA00813A07 /* CatFactsAssignmentUITests.swift */; };
		3C6DABF32B0AE0EA00813A07 /* CatFactsAssignmentUITestsLaunchTests.swift in Sources */ = {isa = PBXBuildFile; fileRef = 3C6DABF22B0AE0EA00813A07 /* CatFactsAssignmentUITestsLaunchTests.swift */; };
		3C6DAC022B0AE42600813A07 /* CatFactsAPI.swift in Sources */ = {isa = PBXBuildFile; fileRef = 3C6DAC012B0AE42600813A07 /* CatFactsAPI.swift */; };
		3C6DAC042B0AE47000813A07 /* CatFactModel.swift in Sources */ = {isa = PBXBuildFile; fileRef = 3C6DAC032B0AE47000813A07 /* CatFactModel.swift */; };
		3C6DAC062B0AE49A00813A07 /* CatFactsViewModel.swift in Sources */ = {isa = PBXBuildFile; fileRef = 3C6DAC052B0AE49A00813A07 /* CatFactsViewModel.swift */; };
		3C6DAC092B0AE63100813A07 /* Alamofire in Frameworks */ = {isa = PBXBuildFile; productRef = 3C6DAC082B0AE63100813A07 /* Alamofire */; };
/* End PBXBuildFile section */

/* Begin PBXContainerItemProxy section */
		3C6DABE32B0AE0EA00813A07 /* PBXContainerItemProxy */ = {
			isa = PBXContainerItemProxy;
			containerPortal = 3C6DABC42B0AE0E900813A07 /* Project object */;
			proxyType = 1;
			remoteGlobalIDString = 3C6DABCB2B0AE0E900813A07;
			remoteInfo = CatFactsAssignment;
		};
		3C6DABED2B0AE0EA00813A07 /* PBXContainerItemProxy */ = {
			isa = PBXContainerItemProxy;
			containerPortal = 3C6DABC42B0AE0E900813A07 /* Project object */;
			proxyType = 1;
			remoteGlobalIDString = 3C6DABCB2B0AE0E900813A07;
			remoteInfo = CatFactsAssignment;
		};
/* End PBXContainerItemProxy section */

/* Begin PBXFileReference section */
		3C6DABCC2B0AE0E900813A07 /* CatFactsAssignment.app */ = {isa = PBXFileReference; explicitFileType = wrapper.application; includeInIndex = 0; path = CatFactsAssignment.app; sourceTree = BUILT_PRODUCTS_DIR; };
		3C6DABCF2B0AE0E900813A07 /* AppDelegate.swift */ = {isa = PBXFileReference; lastKnownFileType = sourcecode.swift; path = AppDelegate.swift; sourceTree = "<group>"; };
		3C6DABD12B0AE0E900813A07 /* SceneDelegate.swift */ = {isa = PBXFileReference; lastKnownFileType = sourcecode.swift; path = SceneDelegate.swift; sourceTree = "<group>"; };
		3C6DABD32B0AE0E900813A07 /* ViewController.swift */ = {isa = PBXFileReference; lastKnownFileType = sourcecode.swift; path = ViewController.swift; sourceTree = "<group>"; };
		3C6DABD82B0AE0EA00813A07 /* Assets.xcassets */ = {isa = PBXFileReference; lastKnownFileType = folder.assetcatalog; path = Assets.xcassets; sourceTree = "<group>"; };
		3C6DABDB2B0AE0EA00813A07 /* Base */ = {isa = PBXFileReference; lastKnownFileType = file.storyboard; name = Base; path = Base.lproj/LaunchScreen.storyboard; sourceTree = "<group>"; };
		3C6DABDD2B0AE0EA00813A07 /* Info.plist */ = {isa = PBXFileReference; lastKnownFileType = text.plist.xml; path = Info.plist; sourceTree = "<group>"; };
		3C6DABE22B0AE0EA00813A07 /* CatFactsAssignmentTests.xctest */ = {isa = PBXFileReference; explicitFileType = wrapper.cfbundle; includeInIndex = 0; path = CatFactsAssignmentTests.xctest; sourceTree = BUILT_PRODUCTS_DIR; };
		3C6DABE62B0AE0EA00813A07 /* CatFactsAssignmentTests.swift */ = {isa = PBXFileReference; lastKnownFileType = sourcecode.swift; path = CatFactsAssignmentTests.swift; sourceTree = "<group>"; };
		3C6DABEC2B0AE0EA00813A07 /* CatFactsAssignmentUITests.xctest */ = {isa = PBXFileReference; explicitFileType = wrapper.cfbundle; includeInIndex = 0; path = CatFactsAssignmentUITests.xctest; sourceTree = BUILT_PRODUCTS_DIR; };
		3C6DABF02B0AE0EA00813A07 /* CatFactsAssignmentUITests.swift */ = {isa = PBXFileReference; lastKnownFileType = sourcecode.swift; path = CatFactsAssignmentUITests.swift; sourceTree = "<group>"; };
		3C6DABF22B0AE0EA00813A07 /* CatFactsAssignmentUITestsLaunchTests.swift */ = {isa = PBXFileReference; lastKnownFileType = sourcecode.swift; path = CatFactsAssignmentUITestsLaunchTests.swift; sourceTree = "<group>"; };
		3C6DAC012B0AE42600813A07 /* CatFactsAPI.swift */ = {isa = PBXFileReference; lastKnownFileType = sourcecode.swift; path = CatFactsAPI.swift; sourceTree = "<group>"; };
		3C6DAC032B0AE47000813A07 /* CatFactModel.swift */ = {isa = PBXFileReference; lastKnownFileType = sourcecode.swift; path = CatFactModel.swift; sourceTree = "<group>"; };
		3C6DAC052B0AE49A00813A07 /* CatFactsViewModel.swift */ = {isa = PBXFileReference; lastKnownFileType = sourcecode.swift; path = CatFactsViewModel.swift; sourceTree = "<group>"; };
/* End PBXFileReference section */

/* Begin PBXFrameworksBuildPhase section */
		3C6DABC92B0AE0E900813A07 /* Frameworks */ = {
			isa = PBXFrameworksBuildPhase;
			buildActionMask = 2147483647;
			files = (
				3C6DAC092B0AE63100813A07 /* Alamofire in Frameworks */,
			);
			runOnlyForDeploymentPostprocessing = 0;
		};
		3C6DABDF2B0AE0EA00813A07 /* Frameworks */ = {
			isa = PBXFrameworksBuildPhase;
			buildActionMask = 2147483647;
			files = (
			);
			runOnlyForDeploymentPostprocessing = 0;
		};
		3C6DABE92B0AE0EA00813A07 /* Frameworks */ = {
			isa = PBXFrameworksBuildPhase;
			buildActionMask = 2147483647;
			files = (
			);
			runOnlyForDeploymentPostprocessing = 0;
		};
/* End PBXFrameworksBuildPhase section */

/* Begin PBXGroup section */
		3C47A5E42B0AEF2C0015B79D /* Models */ = {
			isa = PBXGroup;
			children = (
				3C6DAC032B0AE47000813A07 /* CatFactModel.swift */,
				3C6DAC012B0AE42600813A07 /* CatFactsAPI.swift */,
			);
			path = Models;
			sourceTree = "<group>";
		};
		3C47A5E52B0AEF3D0015B79D /* ViewModels */ = {
			isa = PBXGroup;
			children = (
				3C6DAC052B0AE49A00813A07 /* CatFactsViewModel.swift */,
			);
			path = ViewModels;
			sourceTree = "<group>";
		};
		3C47A5E62B0AEF5B0015B79D /* Views */ = {
			isa = PBXGroup;
			children = (
				3C6DABD32B0AE0E900813A07 /* ViewController.swift */,
			);
			path = Views;
			sourceTree = "<group>";
		};
		3C6DABC32B0AE0E900813A07 = {
			isa = PBXGroup;
			children = (
				3C6DABCE2B0AE0E900813A07 /* CatFactsAssignment */,
				3C6DABE52B0AE0EA00813A07 /* CatFactsAssignmentTests */,
				3C6DABEF2B0AE0EA00813A07 /* CatFactsAssignmentUITests */,
				3C6DABCD2B0AE0E900813A07 /* Products */,
			);
			sourceTree = "<group>";
		};
		3C6DABCD2B0AE0E900813A07 /* Products */ = {
			isa = PBXGroup;
			children = (
				3C6DABCC2B0AE0E900813A07 /* CatFactsAssignment.app */,
				3C6DABE22B0AE0EA00813A07 /* CatFactsAssignmentTests.xctest */,
				3C6DABEC2B0AE0EA00813A07 /* CatFactsAssignmentUITests.xctest */,
			);
			name = Products;
			sourceTree = "<group>";
		};
		3C6DABCE2B0AE0E900813A07 /* CatFactsAssignment */ = {
			isa = PBXGroup;
			children = (
				3C6DAC0A2B0AE6B600813A07 /* Delegates */,
				3C47A5E52B0AEF3D0015B79D /* ViewModels */,
				3C47A5E62B0AEF5B0015B79D /* Views */,
				3C47A5E42B0AEF2C0015B79D /* Models */,
				3C6DABD82B0AE0EA00813A07 /* Assets.xcassets */,
				3C6DABDA2B0AE0EA00813A07 /* LaunchScreen.storyboard */,
				3C6DABDD2B0AE0EA00813A07 /* Info.plist */,
			);
			path = CatFactsAssignment;
			sourceTree = "<group>";
		};
		3C6DABE52B0AE0EA00813A07 /* CatFactsAssignmentTests */ = {
			isa = PBXGroup;
			children = (
				3C6DABE62B0AE0EA00813A07 /* CatFactsAssignmentTests.swift */,
			);
			path = CatFactsAssignmentTests;
			sourceTree = "<group>";
		};
		3C6DABEF2B0AE0EA00813A07 /* CatFactsAssignmentUITests */ = {
			isa = PBXGroup;
			children = (
				3C6DABF02B0AE0EA00813A07 /* CatFactsAssignmentUITests.swift */,
				3C6DABF22B0AE0EA00813A07 /* CatFactsAssignmentUITestsLaunchTests.swift */,
			);
			path = CatFactsAssignmentUITests;
			sourceTree = "<group>";
		};
		3C6DAC0A2B0AE6B600813A07 /* Delegates */ = {
			isa = PBXGroup;
			children = (
				3C6DABCF2B0AE0E900813A07 /* AppDelegate.swift */,
				3C6DABD12B0AE0E900813A07 /* SceneDelegate.swift */,
			);
			path = Delegates;
			sourceTree = "<group>";
		};
/* End PBXGroup section */

/* Begin PBXNativeTarget section */
		3C6DABCB2B0AE0E900813A07 /* CatFactsAssignment */ = {
			isa = PBXNativeTarget;
			buildConfigurationList = 3C6DABF62B0AE0EA00813A07 /* Build configuration list for PBXNativeTarget "CatFactsAssignment" */;
			buildPhases = (
				3C6DABC82B0AE0E900813A07 /* Sources */,
				3C6DABC92B0AE0E900813A07 /* Frameworks */,
				3C6DABCA2B0AE0E900813A07 /* Resources */,
			);
			buildRules = (
			);
			dependencies = (
			);
			name = CatFactsAssignment;
			packageProductDependencies = (
				3C6DAC082B0AE63100813A07 /* Alamofire */,
			);
			productName = CatFactsAssignment;
			productReference = 3C6DABCC2B0AE0E900813A07 /* CatFactsAssignment.app */;
			productType = "com.apple.product-type.application";
		};
		3C6DABE12B0AE0EA00813A07 /* CatFactsAssignmentTests */ = {
			isa = PBXNativeTarget;
			buildConfigurationList = 3C6DABF92B0AE0EA00813A07 /* Build configuration list for PBXNativeTarget "CatFactsAssignmentTests" */;
			buildPhases = (
				3C6DABDE2B0AE0EA00813A07 /* Sources */,
				3C6DABDF2B0AE0EA00813A07 /* Frameworks */,
				3C6DABE02B0AE0EA00813A07 /* Resources */,
			);
			buildRules = (
			);
			dependencies = (
				3C6DABE42B0AE0EA00813A07 /* PBXTargetDependency */,
			);
			name = CatFactsAssignmentTests;
			productName = CatFactsAssignmentTests;
			productReference = 3C6DABE22B0AE0EA00813A07 /* CatFactsAssignmentTests.xctest */;
			productType = "com.apple.product-type.bundle.unit-test";
		};
		3C6DABEB2B0AE0EA00813A07 /* CatFactsAssignmentUITests */ = {
			isa = PBXNativeTarget;
			buildConfigurationList = 3C6DABFC2B0AE0EA00813A07 /* Build configuration list for PBXNativeTarget "CatFactsAssignmentUITests" */;
			buildPhases = (
				3C6DABE82B0AE0EA00813A07 /* Sources */,
				3C6DABE92B0AE0EA00813A07 /* Frameworks */,
				3C6DABEA2B0AE0EA00813A07 /* Resources */,
			);
			buildRules = (
			);
			dependencies = (
				3C6DABEE2B0AE0EA00813A07 /* PBXTargetDependency */,
			);
			name = CatFactsAssignmentUITests;
			productName = CatFactsAssignmentUITests;
			productReference = 3C6DABEC2B0AE0EA00813A07 /* CatFactsAssignmentUITests.xctest */;
			productType = "com.apple.product-type.bundle.ui-testing";
		};
/* End PBXNativeTarget section */

/* Begin PBXProject section */
		3C6DABC42B0AE0E900813A07 /* Project object */ = {
			isa = PBXProject;
			attributes = {
				BuildIndependentTargetsInParallel = 1;
				LastSwiftUpdateCheck = 1500;
				LastUpgradeCheck = 1500;
				TargetAttributes = {
					3C6DABCB2B0AE0E900813A07 = {
						CreatedOnToolsVersion = 15.0;
					};
					3C6DABE12B0AE0EA00813A07 = {
						CreatedOnToolsVersion = 15.0;
						TestTargetID = 3C6DABCB2B0AE0E900813A07;
					};
					3C6DABEB2B0AE0EA00813A07 = {
						CreatedOnToolsVersion = 15.0;
						TestTargetID = 3C6DABCB2B0AE0E900813A07;
					};
				};
			};
			buildConfigurationList = 3C6DABC72B0AE0E900813A07 /* Build configuration list for PBXProject "CatFactsAssignment" */;
			compatibilityVersion = "Xcode 14.0";
			developmentRegion = en;
			hasScannedForEncodings = 0;
			knownRegions = (
				en,
				Base,
			);
			mainGroup = 3C6DABC32B0AE0E900813A07;
			packageReferences = (
				3C6DAC072B0AE63100813A07 /* XCRemoteSwiftPackageReference "Alamofire" */,
			);
			productRefGroup = 3C6DABCD2B0AE0E900813A07 /* Products */;
			projectDirPath = "";
			projectRoot = "";
			targets = (
				3C6DABCB2B0AE0E900813A07 /* CatFactsAssignment */,
				3C6DABE12B0AE0EA00813A07 /* CatFactsAssignmentTests */,
				3C6DABEB2B0AE0EA00813A07 /* CatFactsAssignmentUITests */,
			);
		};
/* End PBXProject section */

/* Begin PBXResourcesBuildPhase section */
		3C6DABCA2B0AE0E900813A07 /* Resources */ = {
			isa = PBXResourcesBuildPhase;
			buildActionMask = 2147483647;
			files = (
				3C6DABDC2B0AE0EA00813A07 /* LaunchScreen.storyboard in Resources */,
				3C6DABD92B0AE0EA00813A07 /* Assets.xcassets in Resources */,
			);
			runOnlyForDeploymentPostprocessing = 0;
		};
		3C6DABE02B0AE0EA00813A07 /* Resources */ = {
			isa = PBXResourcesBuildPhase;
			buildActionMask = 2147483647;
			files = (
			);
			runOnlyForDeploymentPostprocessing = 0;
		};
		3C6DABEA2B0AE0EA00813A07 /* Resources */ = {
			isa = PBXResourcesBuildPhase;
			buildActionMask = 2147483647;
			files = (
			);
			runOnlyForDeploymentPostprocessing = 0;
		};
/* End PBXResourcesBuildPhase section */

/* Begin PBXSourcesBuildPhase section */
		3C6DABC82B0AE0E900813A07 /* Sources */ = {
			isa = PBXSourcesBuildPhase;
			buildActionMask = 2147483647;
			files = (
				3C6DAC042B0AE47000813A07 /* CatFactModel.swift in Sources */,
				3C6DAC022B0AE42600813A07 /* CatFactsAPI.swift in Sources */,
				3C6DAC062B0AE49A00813A07 /* CatFactsViewModel.swift in Sources */,
				3C6DABD42B0AE0E900813A07 /* ViewController.swift in Sources */,
				3C6DABD02B0AE0E900813A07 /* AppDelegate.swift in Sources */,
				3C6DABD22B0AE0E900813A07 /* SceneDelegate.swift in Sources */,
			);
			runOnlyForDeploymentPostprocessing = 0;
		};
		3C6DABDE2B0AE0EA00813A07 /* Sources */ = {
			isa = PBXSourcesBuildPhase;
			buildActionMask = 2147483647;
			files = (
				3C6DABE72B0AE0EA00813A07 /* CatFactsAssignmentTests.swift in Sources */,
			);
			runOnlyForDeploymentPostprocessing = 0;
		};
		3C6DABE82B0AE0EA00813A07 /* Sources */ = {
			isa = PBXSourcesBuildPhase;
			buildActionMask = 2147483647;
			files = (
				3C6DABF32B0AE0EA00813A07 /* CatFactsAssignmentUITestsLaunchTests.swift in Sources */,
				3C6DABF12B0AE0EA00813A07 /* CatFactsAssignmentUITests.swift in Sources */,
			);
			runOnlyForDeploymentPostprocessing = 0;
		};
/* End PBXSourcesBuildPhase section */

/* Begin PBXTargetDependency section */
		3C6DABE42B0AE0EA00813A07 /* PBXTargetDependency */ = {
			isa = PBXTargetDependency;
			target = 3C6DABCB2B0AE0E900813A07 /* CatFactsAssignment */;
			targetProxy = 3C6DABE32B0AE0EA00813A07 /* PBXContainerItemProxy */;
		};
		3C6DABEE2B0AE0EA00813A07 /* PBXTargetDependency */ = {
			isa = PBXTargetDependency;
			target = 3C6DABCB2B0AE0E900813A07 /* CatFactsAssignment */;
			targetProxy = 3C6DABED2B0AE0EA00813A07 /* PBXContainerItemProxy */;
		};
/* End PBXTargetDependency section */

/* Begin PBXVariantGroup section */
		3C6DABDA2B0AE0EA00813A07 /* LaunchScreen.storyboard */ = {
			isa = PBXVariantGroup;
			children = (
				3C6DABDB2B0AE0EA00813A07 /* Base */,
			);
			name = LaunchScreen.storyboard;
			sourceTree = "<group>";
		};
/* End PBXVariantGroup section */

/* Begin XCBuildConfiguration section */
		3C6DABF42B0AE0EA00813A07 /* Debug */ = {
			isa = XCBuildConfiguration;
			buildSettings = {
				ALWAYS_SEARCH_USER_PATHS = NO;
				ASSETCATALOG_COMPILER_GENERATE_SWIFT_ASSET_SYMBOL_EXTENSIONS = YES;
				CLANG_ANALYZER_NONNULL = YES;
				CLANG_ANALYZER_NUMBER_OBJECT_CONVERSION = YES_AGGRESSIVE;
				CLANG_CXX_LANGUAGE_STANDARD = "gnu++20";
				CLANG_ENABLE_MODULES = YES;
				CLANG_ENABLE_OBJC_ARC = YES;
				CLANG_ENABLE_OBJC_WEAK = YES;
				CLANG_WARN_BLOCK_CAPTURE_AUTORELEASING = YES;
				CLANG_WARN_BOOL_CONVERSION = YES;
				CLANG_WARN_COMMA = YES;
				CLANG_WARN_CONSTANT_CONVERSION = YES;
				CLANG_WARN_DEPRECATED_OBJC_IMPLEMENTATIONS = YES;
				CLANG_WARN_DIRECT_OBJC_ISA_USAGE = YES_ERROR;
				CLANG_WARN_DOCUMENTATION_COMMENTS = YES;
				CLANG_WARN_EMPTY_BODY = YES;
				CLANG_WARN_ENUM_CONVERSION = YES;
				CLANG_WARN_INFINITE_RECURSION = YES;
				CLANG_WARN_INT_CONVERSION = YES;
				CLANG_WARN_NON_LITERAL_NULL_CONVERSION = YES;
				CLANG_WARN_OBJC_IMPLICIT_RETAIN_SELF = YES;
				CLANG_WARN_OBJC_LITERAL_CONVERSION = YES;
				CLANG_WARN_OBJC_ROOT_CLASS = YES_ERROR;
				CLANG_WARN_QUOTED_INCLUDE_IN_FRAMEWORK_HEADER = YES;
				CLANG_WARN_RANGE_LOOP_ANALYSIS = YES;
				CLANG_WARN_STRICT_PROTOTYPES = YES;
				CLANG_WARN_SUSPICIOUS_MOVE = YES;
				CLANG_WARN_UNGUARDED_AVAILABILITY = YES_AGGRESSIVE;
				CLANG_WARN_UNREACHABLE_CODE = YES;
				CLANG_WARN__DUPLICATE_METHOD_MATCH = YES;
				COPY_PHASE_STRIP = NO;
				DEBUG_INFORMATION_FORMAT = dwarf;
				ENABLE_STRICT_OBJC_MSGSEND = YES;
				ENABLE_TESTABILITY = YES;
				ENABLE_USER_SCRIPT_SANDBOXING = YES;
				GCC_C_LANGUAGE_STANDARD = gnu17;
				GCC_DYNAMIC_NO_PIC = NO;
				GCC_NO_COMMON_BLOCKS = YES;
				GCC_OPTIMIZATION_LEVEL = 0;
				GCC_PREPROCESSOR_DEFINITIONS = (
					"DEBUG=1",
					"$(inherited)",
				);
				GCC_WARN_64_TO_32_BIT_CONVERSION = YES;
				GCC_WARN_ABOUT_RETURN_TYPE = YES_ERROR;
				GCC_WARN_UNDECLARED_SELECTOR = YES;
				GCC_WARN_UNINITIALIZED_AUTOS = YES_AGGRESSIVE;
				GCC_WARN_UNUSED_FUNCTION = YES;
				GCC_WARN_UNUSED_VARIABLE = YES;
				IPHONEOS_DEPLOYMENT_TARGET = 17.0;
				LOCALIZATION_PREFERS_STRING_CATALOGS = YES;
				MTL_ENABLE_DEBUG_INFO = INCLUDE_SOURCE;
				MTL_FAST_MATH = YES;
				ONLY_ACTIVE_ARCH = YES;
				SDKROOT = iphoneos;
				SWIFT_ACTIVE_COMPILATION_CONDITIONS = "DEBUG $(inherited)";
				SWIFT_OPTIMIZATION_LEVEL = "-Onone";
			};
			name = Debug;
		};
		3C6DABF52B0AE0EA00813A07 /* Release */ = {
			isa = XCBuildConfiguration;
			buildSettings = {
				ALWAYS_SEARCH_USER_PATHS = NO;
				ASSETCATALOG_COMPILER_GENERATE_SWIFT_ASSET_SYMBOL_EXTENSIONS = YES;
				CLANG_ANALYZER_NONNULL = YES;
				CLANG_ANALYZER_NUMBER_OBJECT_CONVERSION = YES_AGGRESSIVE;
				CLANG_CXX_LANGUAGE_STANDARD = "gnu++20";
				CLANG_ENABLE_MODULES = YES;
				CLANG_ENABLE_OBJC_ARC = YES;
				CLANG_ENABLE_OBJC_WEAK = YES;
				CLANG_WARN_BLOCK_CAPTURE_AUTORELEASING = YES;
				CLANG_WARN_BOOL_CONVERSION = YES;
				CLANG_WARN_COMMA = YES;
				CLANG_WARN_CONSTANT_CONVERSION = YES;
				CLANG_WARN_DEPRECATED_OBJC_IMPLEMENTATIONS = YES;
				CLANG_WARN_DIRECT_OBJC_ISA_USAGE = YES_ERROR;
				CLANG_WARN_DOCUMENTATION_COMMENTS = YES;
				CLANG_WARN_EMPTY_BODY = YES;
				CLANG_WARN_ENUM_CONVERSION = YES;
				CLANG_WARN_INFINITE_RECURSION = YES;
				CLANG_WARN_INT_CONVERSION = YES;
				CLANG_WARN_NON_LITERAL_NULL_CONVERSION = YES;
				CLANG_WARN_OBJC_IMPLICIT_RETAIN_SELF = YES;
				CLANG_WARN_OBJC_LITERAL_CONVERSION = YES;
				CLANG_WARN_OBJC_ROOT_CLASS = YES_ERROR;
				CLANG_WARN_QUOTED_INCLUDE_IN_FRAMEWORK_HEADER = YES;
				CLANG_WARN_RANGE_LOOP_ANALYSIS = YES;
				CLANG_WARN_STRICT_PROTOTYPES = YES;
				CLANG_WARN_SUSPICIOUS_MOVE = YES;
				CLANG_WARN_UNGUARDED_AVAILABILITY = YES_AGGRESSIVE;
				CLANG_WARN_UNREACHABLE_CODE = YES;
				CLANG_WARN__DUPLICATE_METHOD_MATCH = YES;
				COPY_PHASE_STRIP = NO;
				DEBUG_INFORMATION_FORMAT = "dwarf-with-dsym";
				ENABLE_NS_ASSERTIONS = NO;
				ENABLE_STRICT_OBJC_MSGSEND = YES;
				ENABLE_USER_SCRIPT_SANDBOXING = YES;
				GCC_C_LANGUAGE_STANDARD = gnu17;
				GCC_NO_COMMON_BLOCKS = YES;
				GCC_WARN_64_TO_32_BIT_CONVERSION = YES;
				GCC_WARN_ABOUT_RETURN_TYPE = YES_ERROR;
				GCC_WARN_UNDECLARED_SELECTOR = YES;
				GCC_WARN_UNINITIALIZED_AUTOS = YES_AGGRESSIVE;
				GCC_WARN_UNUSED_FUNCTION = YES;
				GCC_WARN_UNUSED_VARIABLE = YES;
				IPHONEOS_DEPLOYMENT_TARGET = 17.0;
				LOCALIZATION_PREFERS_STRING_CATALOGS = YES;
				MTL_ENABLE_DEBUG_INFO = NO;
				MTL_FAST_MATH = YES;
				SDKROOT = iphoneos;
				SWIFT_COMPILATION_MODE = wholemodule;
				VALIDATE_PRODUCT = YES;
			};
			name = Release;
		};
		3C6DABF72B0AE0EA00813A07 /* Debug */ = {
			isa = XCBuildConfiguration;
			buildSettings = {
				ASSETCATALOG_COMPILER_APPICON_NAME = AppIcon;
				ASSETCATALOG_COMPILER_GLOBAL_ACCENT_COLOR_NAME = AccentColor;
				CODE_SIGN_STYLE = Automatic;
				CURRENT_PROJECT_VERSION = 1;
				DEVELOPMENT_TEAM = UY94N2F65W;
				GENERATE_INFOPLIST_FILE = YES;
				INFOPLIST_FILE = CatFactsAssignment/Info.plist;
				INFOPLIST_KEY_UIApplicationSupportsIndirectInputEvents = YES;
				INFOPLIST_KEY_UILaunchStoryboardName = LaunchScreen;
				INFOPLIST_KEY_UISupportedInterfaceOrientations_iPad = "UIInterfaceOrientationPortrait UIInterfaceOrientationPortraitUpsideDown UIInterfaceOrientationLandscapeLeft UIInterfaceOrientationLandscapeRight";
				INFOPLIST_KEY_UISupportedInterfaceOrientations_iPhone = "UIInterfaceOrientationPortrait UIInterfaceOrientationLandscapeLeft UIInterfaceOrientationLandscapeRight";
				LD_RUNPATH_SEARCH_PATHS = (
					"$(inherited)",
					"@executable_path/Frameworks",
				);
				MARKETING_VERSION = 1.0;
				PRODUCT_BUNDLE_IDENTIFIER = com.lapiashvili.catfactsapp.CatFactsAssignment;
				PRODUCT_NAME = "$(TARGET_NAME)";
				SWIFT_EMIT_LOC_STRINGS = YES;
				SWIFT_VERSION = 5.0;
				TARGETED_DEVICE_FAMILY = "1,2";
			};
			name = Debug;
		};
		3C6DABF82B0AE0EA00813A07 /* Release */ = {
			isa = XCBuildConfiguration;
			buildSettings = {
				ASSETCATALOG_COMPILER_APPICON_NAME = AppIcon;
				ASSETCATALOG_COMPILER_GLOBAL_ACCENT_COLOR_NAME = AccentColor;
				CODE_SIGN_STYLE = Automatic;
				CURRENT_PROJECT_VERSION = 1;
				DEVELOPMENT_TEAM = UY94N2F65W;
				GENERATE_INFOPLIST_FILE = YES;
				INFOPLIST_FILE = CatFactsAssignment/Info.plist;
				INFOPLIST_KEY_UIApplicationSupportsIndirectInputEvents = YES;
				INFOPLIST_KEY_UILaunchStoryboardName = LaunchScreen;
				INFOPLIST_KEY_UISupportedInterfaceOrientations_iPad = "UIInterfaceOrientationPortrait UIInterfaceOrientationPortraitUpsideDown UIInterfaceOrientationLandscapeLeft UIInterfaceOrientationLandscapeRight";
				INFOPLIST_KEY_UISupportedInterfaceOrientations_iPhone = "UIInterfaceOrientationPortrait UIInterfaceOrientationLandscapeLeft UIInterfaceOrientationLandscapeRight";
				LD_RUNPATH_SEARCH_PATHS = (
					"$(inherited)",
					"@executable_path/Frameworks",
				);
				MARKETING_VERSION = 1.0;
				PRODUCT_BUNDLE_IDENTIFIER = com.lapiashvili.catfactsapp.CatFactsAssignment;
				PRODUCT_NAME = "$(TARGET_NAME)";
				SWIFT_EMIT_LOC_STRINGS = YES;
				SWIFT_VERSION = 5.0;
				TARGETED_DEVICE_FAMILY = "1,2";
			};
			name = Release;
		};
		3C6DABFA2B0AE0EA00813A07 /* Debug */ = {
			isa = XCBuildConfiguration;
			buildSettings = {
				ALWAYS_EMBED_SWIFT_STANDARD_LIBRARIES = YES;
				BUNDLE_LOADER = "$(TEST_HOST)";
				CODE_SIGN_STYLE = Automatic;
				CURRENT_PROJECT_VERSION = 1;
				DEVELOPMENT_TEAM = UY94N2F65W;
				GENERATE_INFOPLIST_FILE = YES;
				IPHONEOS_DEPLOYMENT_TARGET = 17.0;
				MARKETING_VERSION = 1.0;
				PRODUCT_BUNDLE_IDENTIFIER = com.lapiashvili.catfactsapp.CatFactsAssignmentTests;
				PRODUCT_NAME = "$(TARGET_NAME)";
				SWIFT_EMIT_LOC_STRINGS = NO;
				SWIFT_VERSION = 5.0;
				TARGETED_DEVICE_FAMILY = "1,2";
				TEST_HOST = "$(BUILT_PRODUCTS_DIR)/CatFactsAssignment.app/$(BUNDLE_EXECUTABLE_FOLDER_PATH)/CatFactsAssignment";
			};
			name = Debug;
		};
		3C6DABFB2B0AE0EA00813A07 /* Release */ = {
			isa = XCBuildConfiguration;
			buildSettings = {
				ALWAYS_EMBED_SWIFT_STANDARD_LIBRARIES = YES;
				BUNDLE_LOADER = "$(TEST_HOST)";
				CODE_SIGN_STYLE = Automatic;
				CURRENT_PROJECT_VERSION = 1;
				DEVELOPMENT_TEAM = UY94N2F65W;
				GENERATE_INFOPLIST_FILE = YES;
				IPHONEOS_DEPLOYMENT_TARGET = 17.0;
				MARKETING_VERSION = 1.0;
				PRODUCT_BUNDLE_IDENTIFIER = com.lapiashvili.catfactsapp.CatFactsAssignmentTests;
				PRODUCT_NAME = "$(TARGET_NAME)";
				SWIFT_EMIT_LOC_STRINGS = NO;
				SWIFT_VERSION = 5.0;
				TARGETED_DEVICE_FAMILY = "1,2";
				TEST_HOST = "$(BUILT_PRODUCTS_DIR)/CatFactsAssignment.app/$(BUNDLE_EXECUTABLE_FOLDER_PATH)/CatFactsAssignment";
			};
			name = Release;
		};
		3C6DABFD2B0AE0EA00813A07 /* Debug */ = {
			isa = XCBuildConfiguration;
			buildSettings = {
				ALWAYS_EMBED_SWIFT_STANDARD_LIBRARIES = YES;
				CODE_SIGN_STYLE = Automatic;
				CURRENT_PROJECT_VERSION = 1;
				DEVELOPMENT_TEAM = UY94N2F65W;
				GENERATE_INFOPLIST_FILE = YES;
				MARKETING_VERSION = 1.0;
				PRODUCT_BUNDLE_IDENTIFIER = com.lapiashvili.catfactsapp.CatFactsAssignmentUITests;
				PRODUCT_NAME = "$(TARGET_NAME)";
				SWIFT_EMIT_LOC_STRINGS = NO;
				SWIFT_VERSION = 5.0;
				TARGETED_DEVICE_FAMILY = "1,2";
				TEST_TARGET_NAME = CatFactsAssignment;
			};
			name = Debug;
		};
		3C6DABFE2B0AE0EA00813A07 /* Release */ = {
			isa = XCBuildConfiguration;
			buildSettings = {
				ALWAYS_EMBED_SWIFT_STANDARD_LIBRARIES = YES;
				CODE_SIGN_STYLE = Automatic;
				CURRENT_PROJECT_VERSION = 1;
				DEVELOPMENT_TEAM = UY94N2F65W;
				GENERATE_INFOPLIST_FILE = YES;
				MARKETING_VERSION = 1.0;
				PRODUCT_BUNDLE_IDENTIFIER = com.lapiashvili.catfactsapp.CatFactsAssignmentUITests;
				PRODUCT_NAME = "$(TARGET_NAME)";
				SWIFT_EMIT_LOC_STRINGS = NO;
				SWIFT_VERSION = 5.0;
				TARGETED_DEVICE_FAMILY = "1,2";
				TEST_TARGET_NAME = CatFactsAssignment;
			};
			name = Release;
		};
/* End XCBuildConfiguration section */

/* Begin XCConfigurationList section */
		3C6DABC72B0AE0E900813A07 /* Build configuration list for PBXProject "CatFactsAssignment" */ = {
			isa = XCConfigurationList;
			buildConfigurations = (
				3C6DABF42B0AE0EA00813A07 /* Debug */,
				3C6DABF52B0AE0EA00813A07 /* Release */,
			);
			defaultConfigurationIsVisible = 0;
			defaultConfigurationName = Release;
		};
		3C6DABF62B0AE0EA00813A07 /* Build configuration list for PBXNativeTarget "CatFactsAssignment" */ = {
			isa = XCConfigurationList;
			buildConfigurations = (
				3C6DABF72B0AE0EA00813A07 /* Debug */,
				3C6DABF82B0AE0EA00813A07 /* Release */,
			);
			defaultConfigurationIsVisible = 0;
			defaultConfigurationName = Release;
		};
		3C6DABF92B0AE0EA00813A07 /* Build configuration list for PBXNativeTarget "CatFactsAssignmentTests" */ = {
			isa = XCConfigurationList;
			buildConfigurations = (
				3C6DABFA2B0AE0EA00813A07 /* Debug */,
				3C6DABFB2B0AE0EA00813A07 /* Release */,
			);
			defaultConfigurationIsVisible = 0;
			defaultConfigurationName = Release;
		};
		3C6DABFC2B0AE0EA00813A07 /* Build configuration list for PBXNativeTarget "CatFactsAssignmentUITests" */ = {
			isa = XCConfigurationList;
			buildConfigurations = (
				3C6DABFD2B0AE0EA00813A07 /* Debug */,
				3C6DABFE2B0AE0EA00813A07 /* Release */,
			);
			defaultConfigurationIsVisible = 0;
			defaultConfigurationName = Release;
		};
/* End XCConfigurationList section */

/* Begin XCRemoteSwiftPackageReference section */
		3C6DAC072B0AE63100813A07 /* XCRemoteSwiftPackageReference "Alamofire" */ = {
			isa = XCRemoteSwiftPackageReference;
			repositoryURL = "https://github.com/Alamofire/Alamofire.git";
			requirement = {
				kind = upToNextMajorVersion;
				minimumVersion = 5.8.1;
			};
		};
/* End XCRemoteSwiftPackageReference section */

/* Begin XCSwiftPackageProductDependency section */
		3C6DAC082B0AE63100813A07 /* Alamofire */ = {
			isa = XCSwiftPackageProductDependency;
			package = 3C6DAC072B0AE63100813A07 /* XCRemoteSwiftPackageReference "Alamofire" */;
			productName = Alamofire;
		};
/* End XCSwiftPackageProductDependency section */
	};
	rootObject = 3C6DABC42B0AE0E900813A07 /* Project object */;
}
